
Microsoft Visual Studio Solution File, Format Version 12.00
# Visual Studio 2013
VisualStudioVersion = 12.0.31101.0
MinimumVisualStudioVersion = 10.0.40219.1
Project("{8BC9CEB8-8B4A-11D0-8D11-00A0C91BC942}") = "Sapphire", "Sapphire\Sapphire.vcxproj", "{B0DE70F3-CBE0-44C3-93B5-015A616B2DEF}"
EndProject
Project("{8BC9CEB8-8B4A-11D0-8D11-00A0C91BC942}") = "Container", "Container\Container.vcxproj", "{5473A69D-455B-4BDF-A642-C816E76B80A4}"
EndProject
Project("{8BC9CEB8-8B4A-11D0-8D11-00A0C91BC942}") = "Math", "Math\Math.vcxproj", "{EFB9E1CE-7EAB-45E7-B70F-CD8F93D0AA38}"
EndProject
Project("{8BC9CEB8-8B4A-11D0-8D11-00A0C91BC942}") = "Core", "Core\Core.vcxproj", "{5C9D65F6-4BDA-4409-8341-9D440A2B6E8C}"
EndProject
Project("{8BC9CEB8-8B4A-11D0-8D11-00A0C91BC942}") = "Project1", "Project1\Project1.vcxproj", "{40400F4D-B15B-473E-91A8-FD6CB5291972}"
EndProject
Project("{8BC9CEB8-8B4A-11D0-8D11-00A0C91BC942}") = "SDL", "ThirdParty\SDL\SDL.vcxproj", "{78715F1C-AAF5-4F9E-92EF-28EF4A3FCC23}"
EndProject
Project("{8BC9CEB8-8B4A-11D0-8D11-00A0C91BC942}") = "LibCpuId", "ThirdParty\LibCpuId\LibCpuId.vcxproj", "{382391A2-E635-41EA-85F3-3E7F62E15E06}"
EndProject
Project("{8BC9CEB8-8B4A-11D0-8D11-00A0C91BC942}") = "LZ4", "ThirdParty\LZ4\LZ4\LZ4.vcxproj", "{B1C028C4-1902-4EC0-8340-94B41C6A897D}"
EndProject
Project("{8BC9CEB8-8B4A-11D0-8D11-00A0C91BC942}") = "ImageLib", "ImageLib\ImageLib.vcxproj", "{FAE5A3C2-2371-4A0C-B2B6-0D8BC0A53988}"
EndProject
Project("{8BC9CEB8-8B4A-11D0-8D11-00A0C91BC942}") = "LearnOpenGL", "LearnOpenGL\LearnOpenGL.vcxproj", "{9EA08BE7-E892-4B34-AB0C-706D129F5521}"
EndProject
Project("{8BC9CEB8-8B4A-11D0-8D11-00A0C91BC942}") = "LearnOpenGLShader", "LearnOpenGLShader\LearnOpenGLShader.vcxproj", "{BDE82CF8-DBC7-4C20-A5BF-C53E36A48A36}"
EndProject
Project("{8BC9CEB8-8B4A-11D0-8D11-00A0C91BC942}") = "ProjectBase", "ProjectBase\ProjectBase.vcxproj", "{5953F8AA-D4D6-49EF-91A5-94F1FAF95603}"
EndProject
Project("{8BC9CEB8-8B4A-11D0-8D11-00A0C91BC942}") = "LearnOpenGLTexture", "LearnOpenGLTexture\LearnOpenGLTexture.vcxproj", "{215F0900-94EE-4793-A918-BB57AEEF8FA3}"
EndProject
Project("{8BC9CEB8-8B4A-11D0-8D11-00A0C91BC942}") = "Graphics", "Graphics\Graphics.vcxproj", "{5438C0BA-92E5-41C3-93CE-1D7F2636B780}"
EndProject
Project("{8BC9CEB8-8B4A-11D0-8D11-00A0C91BC942}") = "PugiXml", "PugiXml\PugiXml.vcxproj", "{FE744FE2-5428-495A-9546-0534F4CBD154}"
EndProject
Project("{8BC9CEB8-8B4A-11D0-8D11-00A0C91BC942}") = "StbImage", "StbImage\StbImage.vcxproj", "{C98652C8-17E0-4377-8EFF-CB985E9C11C8}"
EndProject
Project("{8BC9CEB8-8B4A-11D0-8D11-00A0C91BC942}") = "jompeg", "jompeg\jompeg.vcxproj", "{CD4ED513-E9CE-4943-8CF5-E2146CC69B21}"
EndProject
Project("{8BC9CEB8-8B4A-11D0-8D11-00A0C91BC942}") = "01_Graphic", "01_Graphic\01_Graphic.vcxproj", "{6C755370-15EB-4C29-994F-01EE1FB289F1}"
EndProject
Global
	GlobalSection(SolutionConfigurationPlatforms) = preSolution
		Debug|Win32 = Debug|Win32
		Debug|x64 = Debug|x64
		Release|Win32 = Release|Win32
		Release|x64 = Release|x64
	EndGlobalSection
	GlobalSection(ProjectConfigurationPlatforms) = postSolution
		{B0DE70F3-CBE0-44C3-93B5-015A616B2DEF}.Debug|Win32.ActiveCfg = Debug|Win32
		{B0DE70F3-CBE0-44C3-93B5-015A616B2DEF}.Debug|Win32.Build.0 = Debug|Win32
		{B0DE70F3-CBE0-44C3-93B5-015A616B2DEF}.Debug|x64.ActiveCfg = Debug|Win32
		{B0DE70F3-CBE0-44C3-93B5-015A616B2DEF}.Release|Win32.ActiveCfg = Release|Win32
		{B0DE70F3-CBE0-44C3-93B5-015A616B2DEF}.Release|Win32.Build.0 = Release|Win32
		{B0DE70F3-CBE0-44C3-93B5-015A616B2DEF}.Release|x64.ActiveCfg = Release|Win32
		{5473A69D-455B-4BDF-A642-C816E76B80A4}.Debug|Win32.ActiveCfg = Debug|Win32
		{5473A69D-455B-4BDF-A642-C816E76B80A4}.Debug|Win32.Build.0 = Debug|Win32
		{5473A69D-455B-4BDF-A642-C816E76B80A4}.Debug|x64.ActiveCfg = Debug|Win32
		{5473A69D-455B-4BDF-A642-C816E76B80A4}.Release|Win32.ActiveCfg = Release|Win32
		{5473A69D-455B-4BDF-A642-C816E76B80A4}.Release|Win32.Build.0 = Release|Win32
		{5473A69D-455B-4BDF-A642-C816E76B80A4}.Release|x64.ActiveCfg = Release|Win32
		{EFB9E1CE-7EAB-45E7-B70F-CD8F93D0AA38}.Debug|Win32.ActiveCfg = Debug|Win32
		{EFB9E1CE-7EAB-45E7-B70F-CD8F93D0AA38}.Debug|Win32.Build.0 = Debug|Win32
		{EFB9E1CE-7EAB-45E7-B70F-CD8F93D0AA38}.Debug|x64.ActiveCfg = Debug|Win32
		{EFB9E1CE-7EAB-45E7-B70F-CD8F93D0AA38}.Release|Win32.ActiveCfg = Release|Win32
		{EFB9E1CE-7EAB-45E7-B70F-CD8F93D0AA38}.Release|Win32.Build.0 = Release|Win32
		{EFB9E1CE-7EAB-45E7-B70F-CD8F93D0AA38}.Release|x64.ActiveCfg = Release|Win32
		{5C9D65F6-4BDA-4409-8341-9D440A2B6E8C}.Debug|Win32.ActiveCfg = Debug|Win32
		{5C9D65F6-4BDA-4409-8341-9D440A2B6E8C}.Debug|Win32.Build.0 = Debug|Win32
		{5C9D65F6-4BDA-4409-8341-9D440A2B6E8C}.Debug|x64.ActiveCfg = Debug|Win32
		{5C9D65F6-4BDA-4409-8341-9D440A2B6E8C}.Release|Win32.ActiveCfg = Release|Win32
		{5C9D65F6-4BDA-4409-8341-9D440A2B6E8C}.Release|Win32.Build.0 = Release|Win32
		{5C9D65F6-4BDA-4409-8341-9D440A2B6E8C}.Release|x64.ActiveCfg = Release|Win32
		{40400F4D-B15B-473E-91A8-FD6CB5291972}.Debug|Win32.ActiveCfg = Debug|Win32
		{40400F4D-B15B-473E-91A8-FD6CB5291972}.Debug|Win32.Build.0 = Debug|Win32
		{40400F4D-B15B-473E-91A8-FD6CB5291972}.Debug|x64.ActiveCfg = Debug|Win32
		{40400F4D-B15B-473E-91A8-FD6CB5291972}.Release|Win32.ActiveCfg = Release|Win32
		{40400F4D-B15B-473E-91A8-FD6CB5291972}.Release|Win32.Build.0 = Release|Win32
		{40400F4D-B15B-473E-91A8-FD6CB5291972}.Release|x64.ActiveCfg = Release|Win32
		{78715F1C-AAF5-4F9E-92EF-28EF4A3FCC23}.Debug|Win32.ActiveCfg = Debug|Win32
		{78715F1C-AAF5-4F9E-92EF-28EF4A3FCC23}.Debug|Win32.Build.0 = Debug|Win32
		{78715F1C-AAF5-4F9E-92EF-28EF4A3FCC23}.Debug|x64.ActiveCfg = Debug|Win32
		{78715F1C-AAF5-4F9E-92EF-28EF4A3FCC23}.Release|Win32.ActiveCfg = Release|Win32
		{78715F1C-AAF5-4F9E-92EF-28EF4A3FCC23}.Release|Win32.Build.0 = Release|Win32
		{78715F1C-AAF5-4F9E-92EF-28EF4A3FCC23}.Release|x64.ActiveCfg = Release|Win32
		{382391A2-E635-41EA-85F3-3E7F62E15E06}.Debug|Win32.ActiveCfg = Debug|Win32
		{382391A2-E635-41EA-85F3-3E7F62E15E06}.Debug|Win32.Build.0 = Debug|Win32
		{382391A2-E635-41EA-85F3-3E7F62E15E06}.Debug|x64.ActiveCfg = Debug|Win32
		{382391A2-E635-41EA-85F3-3E7F62E15E06}.Release|Win32.ActiveCfg = Release|Win32
		{382391A2-E635-41EA-85F3-3E7F62E15E06}.Release|Win32.Build.0 = Release|Win32
		{382391A2-E635-41EA-85F3-3E7F62E15E06}.Release|x64.ActiveCfg = Release|Win32
		{B1C028C4-1902-4EC0-8340-94B41C6A897D}.Debug|Win32.ActiveCfg = Debug|Win32
		{B1C028C4-1902-4EC0-8340-94B41C6A897D}.Debug|Win32.Build.0 = Debug|Win32
		{B1C028C4-1902-4EC0-8340-94B41C6A897D}.Debug|x64.ActiveCfg = Debug|x64
		{B1C028C4-1902-4EC0-8340-94B41C6A897D}.Debug|x64.Build.0 = Debug|x64
		{B1C028C4-1902-4EC0-8340-94B41C6A897D}.Release|Win32.ActiveCfg = Release|Win32
		{B1C028C4-1902-4EC0-8340-94B41C6A897D}.Release|Win32.Build.0 = Release|Win32
		{B1C028C4-1902-4EC0-8340-94B41C6A897D}.Release|x64.ActiveCfg = Release|x64
		{B1C028C4-1902-4EC0-8340-94B41C6A897D}.Release|x64.Build.0 = Release|x64
		{FAE5A3C2-2371-4A0C-B2B6-0D8BC0A53988}.Debug|Win32.ActiveCfg = Debug|Win32
		{FAE5A3C2-2371-4A0C-B2B6-0D8BC0A53988}.Debug|Win32.Build.0 = Debug|Win32
		{FAE5A3C2-2371-4A0C-B2B6-0D8BC0A53988}.Debug|x64.ActiveCfg = Debug|x64
		{FAE5A3C2-2371-4A0C-B2B6-0D8BC0A53988}.Debug|x64.Build.0 = Debug|x64
		{FAE5A3C2-2371-4A0C-B2B6-0D8BC0A53988}.Release|Win32.ActiveCfg = Release|Win32
		{FAE5A3C2-2371-4A0C-B2B6-0D8BC0A53988}.Release|Win32.Build.0 = Release|Win32
		{FAE5A3C2-2371-4A0C-B2B6-0D8BC0A53988}.Release|x64.ActiveCfg = Release|x64
		{FAE5A3C2-2371-4A0C-B2B6-0D8BC0A53988}.Release|x64.Build.0 = Release|x64
		{9EA08BE7-E892-4B34-AB0C-706D129F5521}.Debug|Win32.ActiveCfg = Debug|Win32
		{9EA08BE7-E892-4B34-AB0C-706D129F5521}.Debug|Win32.Build.0 = Debug|Win32
		{9EA08BE7-E892-4B34-AB0C-706D129F5521}.Debug|x64.ActiveCfg = Debug|x64
		{9EA08BE7-E892-4B34-AB0C-706D129F5521}.Debug|x64.Build.0 = Debug|x64
		{9EA08BE7-E892-4B34-AB0C-706D129F5521}.Release|Win32.ActiveCfg = Release|Win32
		{9EA08BE7-E892-4B34-AB0C-706D129F5521}.Release|Win32.Build.0 = Release|Win32
		{9EA08BE7-E892-4B34-AB0C-706D129F5521}.Release|x64.ActiveCfg = Release|x64
		{9EA08BE7-E892-4B34-AB0C-706D129F5521}.Release|x64.Build.0 = Release|x64
		{BDE82CF8-DBC7-4C20-A5BF-C53E36A48A36}.Debug|Win32.ActiveCfg = Debug|Win32
		{BDE82CF8-DBC7-4C20-A5BF-C53E36A48A36}.Debug|Win32.Build.0 = Debug|Win32
		{BDE82CF8-DBC7-4C20-A5BF-C53E36A48A36}.Debug|x64.ActiveCfg = Debug|x64
		{BDE82CF8-DBC7-4C20-A5BF-C53E36A48A36}.Debug|x64.Build.0 = Debug|x64
		{BDE82CF8-DBC7-4C20-A5BF-C53E36A48A36}.Release|Win32.ActiveCfg = Release|Win32
		{BDE82CF8-DBC7-4C20-A5BF-C53E36A48A36}.Release|Win32.Build.0 = Release|Win32
		{BDE82CF8-DBC7-4C20-A5BF-C53E36A48A36}.Release|x64.ActiveCfg = Release|x64
		{BDE82CF8-DBC7-4C20-A5BF-C53E36A48A36}.Release|x64.Build.0 = Release|x64
		{5953F8AA-D4D6-49EF-91A5-94F1FAF95603}.Debug|Win32.ActiveCfg = Debug|Win32
		{5953F8AA-D4D6-49EF-91A5-94F1FAF95603}.Debug|Win32.Build.0 = Debug|Win32
		{5953F8AA-D4D6-49EF-91A5-94F1FAF95603}.Debug|x64.ActiveCfg = Debug|x64
		{5953F8AA-D4D6-49EF-91A5-94F1FAF95603}.Debug|x64.Build.0 = Debug|x64
		{5953F8AA-D4D6-49EF-91A5-94F1FAF95603}.Release|Win32.ActiveCfg = Release|Win32
		{5953F8AA-D4D6-49EF-91A5-94F1FAF95603}.Release|Win32.Build.0 = Release|Win32
		{5953F8AA-D4D6-49EF-91A5-94F1FAF95603}.Release|x64.ActiveCfg = Release|x64
		{5953F8AA-D4D6-49EF-91A5-94F1FAF95603}.Release|x64.Build.0 = Release|x64
		{215F0900-94EE-4793-A918-BB57AEEF8FA3}.Debug|Win32.ActiveCfg = Debug|Win32
		{215F0900-94EE-4793-A918-BB57AEEF8FA3}.Debug|Win32.Build.0 = Debug|Win32
		{215F0900-94EE-4793-A918-BB57AEEF8FA3}.Debug|x64.ActiveCfg = Debug|x64
		{215F0900-94EE-4793-A918-BB57AEEF8FA3}.Debug|x64.Build.0 = Debug|x64
		{215F0900-94EE-4793-A918-BB57AEEF8FA3}.Release|Win32.ActiveCfg = Release|Win32
		{215F0900-94EE-4793-A918-BB57AEEF8FA3}.Release|Win32.Build.0 = Release|Win32
		{215F0900-94EE-4793-A918-BB57AEEF8FA3}.Release|x64.ActiveCfg = Release|x64
		{215F0900-94EE-4793-A918-BB57AEEF8FA3}.Release|x64.Build.0 = Release|x64
		{5438C0BA-92E5-41C3-93CE-1D7F2636B780}.Debug|Win32.ActiveCfg = Debug|Win32
		{5438C0BA-92E5-41C3-93CE-1D7F2636B780}.Debug|Win32.Build.0 = Debug|Win32
		{5438C0BA-92E5-41C3-93CE-1D7F2636B780}.Debug|x64.ActiveCfg = Debug|Win32
		{5438C0BA-92E5-41C3-93CE-1D7F2636B780}.Release|Win32.ActiveCfg = Release|Win32
		{5438C0BA-92E5-41C3-93CE-1D7F2636B780}.Release|Win32.Build.0 = Release|Win32
		{5438C0BA-92E5-41C3-93CE-1D7F2636B780}.Release|x64.ActiveCfg = Release|Win32
		{FE744FE2-5428-495A-9546-0534F4CBD154}.Debug|Win32.ActiveCfg = Debug|Win32
		{FE744FE2-5428-495A-9546-0534F4CBD154}.Debug|Win32.Build.0 = Debug|Win32
		{FE744FE2-5428-495A-9546-0534F4CBD154}.Debug|x64.ActiveCfg = Debug|x64
		{FE744FE2-5428-495A-9546-0534F4CBD154}.Debug|x64.Build.0 = Debug|x64
		{FE744FE2-5428-495A-9546-0534F4CBD154}.Release|Win32.ActiveCfg = Release|Win32
		{FE744FE2-5428-495A-9546-0534F4CBD154}.Release|Win32.Build.0 = Release|Win32
		{FE744FE2-5428-495A-9546-0534F4CBD154}.Release|x64.ActiveCfg = Release|x64
		{FE744FE2-5428-495A-9546-0534F4CBD154}.Release|x64.Build.0 = Release|x64
		{C98652C8-17E0-4377-8EFF-CB985E9C11C8}.Debug|Win32.ActiveCfg = Debug|Win32
		{C98652C8-17E0-4377-8EFF-CB985E9C11C8}.Debug|Win32.Build.0 = Debug|Win32
		{C98652C8-17E0-4377-8EFF-CB985E9C11C8}.Debug|x64.ActiveCfg = Debug|x64
		{C98652C8-17E0-4377-8EFF-CB985E9C11C8}.Debug|x64.Build.0 = Debug|x64
		{C98652C8-17E0-4377-8EFF-CB985E9C11C8}.Release|Win32.ActiveCfg = Release|Win32
		{C98652C8-17E0-4377-8EFF-CB985E9C11C8}.Release|Win32.Build.0 = Release|Win32
		{C98652C8-17E0-4377-8EFF-CB985E9C11C8}.Release|x64.ActiveCfg = Release|x64
		{C98652C8-17E0-4377-8EFF-CB985E9C11C8}.Release|x64.Build.0 = Release|x64
		{CD4ED513-E9CE-4943-8CF5-E2146CC69B21}.Debug|Win32.ActiveCfg = Debug|Win32
		{CD4ED513-E9CE-4943-8CF5-E2146CC69B21}.Debug|Win32.Build.0 = Debug|Win32
		{CD4ED513-E9CE-4943-8CF5-E2146CC69B21}.Debug|x64.ActiveCfg = Debug|x64
		{CD4ED513-E9CE-4943-8CF5-E2146CC69B21}.Debug|x64.Build.0 = Debug|x64
		{CD4ED513-E9CE-4943-8CF5-E2146CC69B21}.Release|Win32.ActiveCfg = Release|Win32
		{CD4ED513-E9CE-4943-8CF5-E2146CC69B21}.Release|Win32.Build.0 = Release|Win32
		{CD4ED513-E9CE-4943-8CF5-E2146CC69B21}.Release|x64.ActiveCfg = Release|x64
		{CD4ED513-E9CE-4943-8CF5-E2146CC69B21}.Release|x64.Build.0 = Release|x64
		{6C755370-15EB-4C29-994F-01EE1FB289F1}.Debug|Win32.ActiveCfg = Debug|Win32
		{6C755370-15EB-4C29-994F-01EE1FB289F1}.Debug|Win32.Build.0 = Debug|Win32
		{6C755370-15EB-4C29-994F-01EE1FB289F1}.Debug|x64.ActiveCfg = Debug|Win32
		{6C755370-15EB-4C29-994F-01EE1FB289F1}.Release|Win32.ActiveCfg = Release|Win32
		{6C755370-15EB-4C29-994F-01EE1FB289F1}.Release|Win32.Build.0 = Release|Win32
		{6C755370-15EB-4C29-994F-01EE1FB289F1}.Release|x64.ActiveCfg = Release|Win32
	EndGlobalSection
	GlobalSection(SolutionProperties) = preSolution
		HideSolutionNode = FALSE
	EndGlobalSection
EndGlobal
