<?xml version="1.0" encoding="utf-8"?>
<Project ToolsVersion="4.0" xmlns="http://schemas.microsoft.com/developer/msbuild/2003">
  <ItemGroup>
    <Filter Include="源文件">
      <UniqueIdentifier>{4FC737F1-C7A5-4376-A066-2A32D752A2FF}</UniqueIdentifier>
      <Extensions>cpp;c;cc;cxx;def;odl;idl;hpj;bat;asm;asmx</Extensions>
    </Filter>
    <Filter Include="头文件">
      <UniqueIdentifier>{93995380-89BD-4b04-88EB-625FBE52EBFB}</UniqueIdentifier>
      <Extensions>h;hh;hpp;hxx;hm;inl;inc;xsd</Extensions>
    </Filter>
    <Filter Include="资源文件">
      <UniqueIdentifier>{67DA6AB6-F800-4c08-8B7A-83BB121AAD01}</UniqueIdentifier>
      <Extensions>rc;ico;cur;bmp;dlg;rc2;rct;bin;rgs;gif;jpg;jpeg;jpe;resx;tiff;tif;png;wav;mfcribbon-ms</Extensions>
    </Filter>
    <Filter Include="shaders">
      <UniqueIdentifier>{9e1e9b60-df0c-481f-9b70-c302aa4bffae}</UniqueIdentifier>
    </Filter>
    <Filter Include="头文件\graphics">
      <UniqueIdentifier>{e92fe92c-45ab-4954-9ae7-e7ccbde88967}</UniqueIdentifier>
    </Filter>
    <Filter Include="源文件\graphics">
      <UniqueIdentifier>{a8596a36-b7b0-4e0c-9416-c923dbfa4111}</UniqueIdentifier>
    </Filter>
    <Filter Include="头文件\graphics\OpenGL">
      <UniqueIdentifier>{7ebef43b-68ae-434d-97f5-8d9f294e3c47}</UniqueIdentifier>
    </Filter>
    <Filter Include="源文件\graphics\OpenGL">
      <UniqueIdentifier>{01c51ec5-8600-4637-a1ad-5e786dc9400c}</UniqueIdentifier>
    </Filter>
  </ItemGroup>
  <ItemGroup>
    <None Include="packages.config" />
    <None Include="fragment.glsl">
      <Filter>shaders</Filter>
    </None>
    <None Include="ps.glsl">
      <Filter>shaders</Filter>
    </None>
    <None Include="vertex.glsl">
      <Filter>shaders</Filter>
    </None>
    <None Include="vs.glsl">
      <Filter>shaders</Filter>
    </None>
  </ItemGroup>
  <ItemGroup>
    <ClCompile Include="main.cpp">
      <Filter>源文件</Filter>
    </ClCompile>
    <ClCompile Include="Geometry.cpp">
      <Filter>源文件\graphics</Filter>
    </ClCompile>
    <ClCompile Include="Textrue2D.cpp">
      <Filter>源文件\graphics</Filter>
    </ClCompile>
    <ClCompile Include="Material.cpp">
      <Filter>源文件\graphics</Filter>
    </ClCompile>
    <ClCompile Include="ITexture.cpp">
      <Filter>源文件\graphics</Filter>
    </ClCompile>
    <ClCompile Include="Shader.cpp">
      <Filter>源文件\graphics</Filter>
    </ClCompile>
    <ClCompile Include="Engine.cpp">
      <Filter>源文件</Filter>
    </ClCompile>
    <ClCompile Include="ShaderManager.cpp">
      <Filter>源文件</Filter>
    </ClCompile>
    <ClCompile Include="OpenGL\VideoDriver.cpp">
      <Filter>源文件\graphics\OpenGL</Filter>
    </ClCompile>
  </ItemGroup>
  <ItemGroup>
    <ClInclude Include="ITexture.h">
      <Filter>头文件\graphics</Filter>
    </ClInclude>
    <ClInclude Include="Geometry.h">
      <Filter>头文件\graphics</Filter>
    </ClInclude>
    <ClInclude Include="GraphicDefs.h">
      <Filter>头文件\graphics</Filter>
    </ClInclude>
    <ClInclude Include="Vertex.h">
      <Filter>头文件\graphics</Filter>
    </ClInclude>
    <ClInclude Include="VertexBuffer.h">
      <Filter>头文件\graphics</Filter>
    </ClInclude>
    <ClInclude Include="IndexBuffer.h">
      <Filter>头文件\graphics</Filter>
    </ClInclude>
    <ClInclude Include="stdafx.h">
      <Filter>头文件</Filter>
    </ClInclude>
    <ClInclude Include="Quad.h">
      <Filter>头文件\graphics</Filter>
    </ClInclude>
    <ClInclude Include="Textrue2D.h">
      <Filter>头文件\graphics</Filter>
    </ClInclude>
    <ClInclude Include="Material.h">
      <Filter>头文件\graphics</Filter>
    </ClInclude>
    <ClInclude Include="IVideoDriver.h">
      <Filter>头文件\graphics</Filter>
    </ClInclude>
    <ClInclude Include="Engine.h">
      <Filter>头文件</Filter>
    </ClInclude>
    <ClInclude Include="OpenGL\VideoDriver.h">
      <Filter>头文件\graphics\OpenGL</Filter>
    </ClInclude>
    <ClInclude Include="Shader.h">
      <Filter>头文件\graphics</Filter>
    </ClInclude>
    <ClInclude Include="ShaderManager.h">
      <Filter>头文件\graphics</Filter>
    </ClInclude>
  </ItemGroup>
</Project>